// !$*UTF8*$!
{
	archiveVersion = 1;
	classes = {
	};
	objectVersion = 56;
	objects = {

/* Begin PBXBuildFile section */
		E4CE9D462A51C2B500CBF922 /* Swiftui_Animation_Example_2App.swift in Sources */ = {isa = PBXBuildFile; fileRef = E4CE9D452A51C2B500CBF922 /* Swiftui_Animation_Example_2App.swift */; };
		E4CE9D482A51C2B500CBF922 /* AnimationExampleOne.swift in Sources */ = {isa = PBXBuildFile; fileRef = E4CE9D472A51C2B500CBF922 /* AnimationExampleOne.swift */; };
		E4CE9D4A2A51C2B700CBF922 /* Assets.xcassets in Resources */ = {isa = PBXBuildFile; fileRef = E4CE9D492A51C2B700CBF922 /* Assets.xcassets */; };
		E4CE9D4D2A51C2B700CBF922 /* Preview Assets.xcassets in Resources */ = {isa = PBXBuildFile; fileRef = E4CE9D4C2A51C2B700CBF922 /* Preview Assets.xcassets */; };
		E4FA7AA42A5272BD00167CD6 /* AnimationExampleTwo.swift in Sources */ = {isa = PBXBuildFile; fileRef = E4FA7AA32A5272BD00167CD6 /* AnimationExampleTwo.swift */; };
		E4FA7AA62A5272CC00167CD6 /* AnimationExampleThree.swift in Sources */ = {isa = PBXBuildFile; fileRef = E4FA7AA52A5272CC00167CD6 /* AnimationExampleThree.swift */; };
		E4FA7AA82A5272D800167CD6 /* AnimationExampleFour.swift in Sources */ = {isa = PBXBuildFile; fileRef = E4FA7AA72A5272D800167CD6 /* AnimationExampleFour.swift */; };
		E4FA7AAA2A5272E400167CD6 /* AnimationExampleFive.swift in Sources */ = {isa = PBXBuildFile; fileRef = E4FA7AA92A5272E400167CD6 /* AnimationExampleFive.swift */; };
		E4FA7AAC2A5272EF00167CD6 /* AnimationExampleSIx.swift in Sources */ = {isa = PBXBuildFile; fileRef = E4FA7AAB2A5272EF00167CD6 /* AnimationExampleSIx.swift */; };
		E4FA7AB02A52988900167CD6 /* AnimationExampleSeven.swift in Sources */ = {isa = PBXBuildFile; fileRef = E4FA7AAF2A52988900167CD6 /* AnimationExampleSeven.swift */; };
		E4FA7AB22A52B13E00167CD6 /* AnimationExampleEight.swift in Sources */ = {isa = PBXBuildFile; fileRef = E4FA7AB12A52B13E00167CD6 /* AnimationExampleEight.swift */; };
/* End PBXBuildFile section */

/* Begin PBXFileReference section */
		E4CE9D422A51C2B500CBF922 /* Swiftui Animation Example 2.app */ = {isa = PBXFileReference; explicitFileType = wrapper.application; includeInIndex = 0; path = "Swiftui Animation Example 2.app"; sourceTree = BUILT_PRODUCTS_DIR; };
		E4CE9D452A51C2B500CBF922 /* Swiftui_Animation_Example_2App.swift */ = {isa = PBXFileReference; lastKnownFileType = sourcecode.swift; path = Swiftui_Animation_Example_2App.swift; sourceTree = "<group>"; };
		E4CE9D472A51C2B500CBF922 /* AnimationExampleOne.swift */ = {isa = PBXFileReference; lastKnownFileType = sourcecode.swift; path = AnimationExampleOne.swift; sourceTree = "<group>"; };
		E4CE9D492A51C2B700CBF922 /* Assets.xcassets */ = {isa = PBXFileReference; lastKnownFileType = folder.assetcatalog; path = Assets.xcassets; sourceTree = "<group>"; };
		E4CE9D4C2A51C2B700CBF922 /* Preview Assets.xcassets */ = {isa = PBXFileReference; lastKnownFileType = folder.assetcatalog; path = "Preview Assets.xcassets"; sourceTree = "<group>"; };
		E4FA7AA32A5272BD00167CD6 /* AnimationExampleTwo.swift */ = {isa = PBXFileReference; lastKnownFileType = sourcecode.swift; path = AnimationExampleTwo.swift; sourceTree = "<group>"; };
		E4FA7AA52A5272CC00167CD6 /* AnimationExampleThree.swift */ = {isa = PBXFileReference; lastKnownFileType = sourcecode.swift; path = AnimationExampleThree.swift; sourceTree = "<group>"; };
		E4FA7AA72A5272D800167CD6 /* AnimationExampleFour.swift */ = {isa = PBXFileReference; lastKnownFileType = sourcecode.swift; path = AnimationExampleFour.swift; sourceTree = "<group>"; };
		E4FA7AA92A5272E400167CD6 /* AnimationExampleFive.swift */ = {isa = PBXFileReference; lastKnownFileType = sourcecode.swift; path = AnimationExampleFive.swift; sourceTree = "<group>"; };
		E4FA7AAB2A5272EF00167CD6 /* AnimationExampleSIx.swift */ = {isa = PBXFileReference; lastKnownFileType = sourcecode.swift; path = AnimationExampleSIx.swift; sourceTree = "<group>"; };
		E4FA7AAF2A52988900167CD6 /* AnimationExampleSeven.swift */ = {isa = PBXFileReference; lastKnownFileType = sourcecode.swift; path = AnimationExampleSeven.swift; sourceTree = "<group>"; };
		E4FA7AB12A52B13E00167CD6 /* AnimationExampleEight.swift */ = {isa = PBXFileReference; lastKnownFileType = sourcecode.swift; path = AnimationExampleEight.swift; sourceTree = "<group>"; };
/* End PBXFileReference section */

/* Begin PBXFrameworksBuildPhase section */
		E4CE9D3F2A51C2B500CBF922 /* Frameworks */ = {
			isa = PBXFrameworksBuildPhase;
			buildActionMask = 2147483647;
			files = (
			);
			runOnlyForDeploymentPostprocessing = 0;
		};
/* End PBXFrameworksBuildPhase section */

/* Begin PBXGroup section */
		E4CE9D392A51C2B500CBF922 = {
			isa = PBXGroup;
			children = (
				E4CE9D442A51C2B500CBF922 /* Swiftui Animation Example 2 */,
				E4CE9D432A51C2B500CBF922 /* Products */,
			);
			sourceTree = "<group>";
		};
		E4CE9D432A51C2B500CBF922 /* Products */ = {
			isa = PBXGroup;
			children = (
				E4CE9D422A51C2B500CBF922 /* Swiftui Animation Example 2.app */,
			);
			name = Products;
			sourceTree = "<group>";
		};
		E4CE9D442A51C2B500CBF922 /* Swiftui Animation Example 2 */ = {
			isa = PBXGroup;
			children = (
				E4CE9D492A51C2B700CBF922 /* Assets.xcassets */,
				E4CE9D4B2A51C2B700CBF922 /* Preview Content */,
				E4CE9D472A51C2B500CBF922 /* AnimationExampleOne.swift */,
				E4FA7AA32A5272BD00167CD6 /* AnimationExampleTwo.swift */,
				E4FA7AA52A5272CC00167CD6 /* AnimationExampleThree.swift */,
				E4FA7AA72A5272D800167CD6 /* AnimationExampleFour.swift */,
				E4FA7AA92A5272E400167CD6 /* AnimationExampleFive.swift */,
				E4FA7AAB2A5272EF00167CD6 /* AnimationExampleSIx.swift */,
				E4FA7AAF2A52988900167CD6 /* AnimationExampleSeven.swift */,
				E4FA7AB12A52B13E00167CD6 /* AnimationExampleEight.swift */,
				E4CE9D452A51C2B500CBF922 /* Swiftui_Animation_Example_2App.swift */,
			);
			path = "Swiftui Animation Example 2";
			sourceTree = "<group>";
		};
		E4CE9D4B2A51C2B700CBF922 /* Preview Content */ = {
			isa = PBXGroup;
			children = (
				E4CE9D4C2A51C2B700CBF922 /* Preview Assets.xcassets */,
			);
			path = "Preview Content";
			sourceTree = "<group>";
		};
/* End PBXGroup section */

/* Begin PBXNativeTarget section */
		E4CE9D412A51C2B500CBF922 /* Swiftui Animation Example 2 */ = {
			isa = PBXNativeTarget;
			buildConfigurationList = E4CE9D502A51C2B700CBF922 /* Build configuration list for PBXNativeTarget "Swiftui Animation Example 2" */;
			buildPhases = (
				E4CE9D3E2A51C2B500CBF922 /* Sources */,
				E4CE9D3F2A51C2B500CBF922 /* Frameworks */,
				E4CE9D402A51C2B500CBF922 /* Resources */,
			);
			buildRules = (
			);
			dependencies = (
			);
			name = "Swiftui Animation Example 2";
			productName = "Swiftui Animation Example 2";
			productReference = E4CE9D422A51C2B500CBF922 /* Swiftui Animation Example 2.app */;
			productType = "com.apple.product-type.application";
		};
/* End PBXNativeTarget section */

/* Begin PBXProject section */
		E4CE9D3A2A51C2B500CBF922 /* Project object */ = {
			isa = PBXProject;
			attributes = {
				BuildIndependentTargetsInParallel = 1;
				LastSwiftUpdateCheck = 1420;
				LastUpgradeCheck = 1420;
				TargetAttributes = {
					E4CE9D412A51C2B500CBF922 = {
						CreatedOnToolsVersion = 14.2;
					};
				};
			};
			buildConfigurationList = E4CE9D3D2A51C2B500CBF922 /* Build configuration list for PBXProject "Swiftui Animation Example 2" */;
			compatibilityVersion = "Xcode 14.0";
			developmentRegion = en;
			hasScannedForEncodings = 0;
			knownRegions = (
				en,
				Base,
			);
			mainGroup = E4CE9D392A51C2B500CBF922;
			productRefGroup = E4CE9D432A51C2B500CBF922 /* Products */;
			projectDirPath = "";
			projectRoot = "";
			targets = (
				E4CE9D412A51C2B500CBF922 /* Swiftui Animation Example 2 */,
			);
		};
/* End PBXProject section */

/* Begin PBXResourcesBuildPhase section */
		E4CE9D402A51C2B500CBF922 /* Resources */ = {
			isa = PBXResourcesBuildPhase;
			buildActionMask = 2147483647;
			files = (
				E4CE9D4D2A51C2B700CBF922 /* Preview Assets.xcassets in Resources */,
				E4CE9D4A2A51C2B700CBF922 /* Assets.xcassets in Resources */,
			);
			runOnlyForDeploymentPostprocessing = 0;
		};
/* End PBXResourcesBuildPhase section */

/* Begin PBXSourcesBuildPhase section */
		E4CE9D3E2A51C2B500CBF922 /* Sources */ = {
			isa = PBXSourcesBuildPhase;
			buildActionMask = 2147483647;
			files = (
				E4FA7AA82A5272D800167CD6 /* AnimationExampleFour.swift in Sources */,
				E4CE9D482A51C2B500CBF922 /* AnimationExampleOne.swift in Sources */,
				E4FA7AA42A5272BD00167CD6 /* AnimationExampleTwo.swift in Sources */,
				E4FA7AB02A52988900167CD6 /* AnimationExampleSeven.swift in Sources */,
				E4FA7AA62A5272CC00167CD6 /* AnimationExampleThree.swift in Sources */,
				E4FA7AAC2A5272EF00167CD6 /* AnimationExampleSIx.swift in Sources */,
				E4FA7AB22A52B13E00167CD6 /* AnimationExampleEight.swift in Sources */,
				E4CE9D462A51C2B500CBF922 /* Swiftui_Animation_Example_2App.swift in Sources */,
				E4FA7AAA2A5272E400167CD6 /* AnimationExampleFive.swift in Sources */,
			);
			runOnlyForDeploymentPostprocessing = 0;
		};
/* End PBXSourcesBuildPhase section */

/* Begin XCBuildConfiguration section */
		E4CE9D4E2A51C2B700CBF922 /* Debug */ = {
			isa = XCBuildConfiguration;
			buildSettings = {
				ALWAYS_SEARCH_USER_PATHS = NO;
				CLANG_ANALYZER_NONNULL = YES;
				CLANG_ANALYZER_NUMBER_OBJECT_CONVERSION = YES_AGGRESSIVE;
				CLANG_CXX_LANGUAGE_STANDARD = "gnu++20";
				CLANG_ENABLE_MODULES = YES;
				CLANG_ENABLE_OBJC_ARC = YES;
				CLANG_ENABLE_OBJC_WEAK = YES;
				CLANG_WARN_BLOCK_CAPTURE_AUTORELEASING = YES;
				CLANG_WARN_BOOL_CONVERSION = YES;
				CLANG_WARN_COMMA = YES;
				CLANG_WARN_CONSTANT_CONVERSION = YES;
				CLANG_WARN_DEPRECATED_OBJC_IMPLEMENTATIONS = YES;
				CLANG_WARN_DIRECT_OBJC_ISA_USAGE = YES_ERROR;
				CLANG_WARN_DOCUMENTATION_COMMENTS = YES;
				CLANG_WARN_EMPTY_BODY = YES;
				CLANG_WARN_ENUM_CONVERSION = YES;
				CLANG_WARN_INFINITE_RECURSION = YES;
				CLANG_WARN_INT_CONVERSION = YES;
				CLANG_WARN_NON_LITERAL_NULL_CONVERSION = YES;
				CLANG_WARN_OBJC_IMPLICIT_RETAIN_SELF = YES;
				CLANG_WARN_OBJC_LITERAL_CONVERSION = YES;
				CLANG_WARN_OBJC_ROOT_CLASS = YES_ERROR;
				CLANG_WARN_QUOTED_INCLUDE_IN_FRAMEWORK_HEADER = YES;
				CLANG_WARN_RANGE_LOOP_ANALYSIS = YES;
				CLANG_WARN_STRICT_PROTOTYPES = YES;
				CLANG_WARN_SUSPICIOUS_MOVE = YES;
				CLANG_WARN_UNGUARDED_AVAILABILITY = YES_AGGRESSIVE;
				CLANG_WARN_UNREACHABLE_CODE = YES;
				CLANG_WARN__DUPLICATE_METHOD_MATCH = YES;
				COPY_PHASE_STRIP = NO;
				DEBUG_INFORMATION_FORMAT = dwarf;
				ENABLE_STRICT_OBJC_MSGSEND = YES;
				ENABLE_TESTABILITY = YES;
				GCC_C_LANGUAGE_STANDARD = gnu11;
				GCC_DYNAMIC_NO_PIC = NO;
				GCC_NO_COMMON_BLOCKS = YES;
				GCC_OPTIMIZATION_LEVEL = 0;
				GCC_PREPROCESSOR_DEFINITIONS = (
					"DEBUG=1",
					"$(inherited)",
				);
				GCC_WARN_64_TO_32_BIT_CONVERSION = YES;
				GCC_WARN_ABOUT_RETURN_TYPE = YES_ERROR;
				GCC_WARN_UNDECLARED_SELECTOR = YES;
				GCC_WARN_UNINITIALIZED_AUTOS = YES_AGGRESSIVE;
				GCC_WARN_UNUSED_FUNCTION = YES;
				GCC_WARN_UNUSED_VARIABLE = YES;
				IPHONEOS_DEPLOYMENT_TARGET = 16.2;
				MTL_ENABLE_DEBUG_INFO = INCLUDE_SOURCE;
				MTL_FAST_MATH = YES;
				ONLY_ACTIVE_ARCH = YES;
				SDKROOT = iphoneos;
				SWIFT_ACTIVE_COMPILATION_CONDITIONS = DEBUG;
				SWIFT_OPTIMIZATION_LEVEL = "-Onone";
			};
			name = Debug;
		};
		E4CE9D4F2A51C2B700CBF922 /* Release */ = {
			isa = XCBuildConfiguration;
			buildSettings = {
				ALWAYS_SEARCH_USER_PATHS = NO;
				CLANG_ANALYZER_NONNULL = YES;
				CLANG_ANALYZER_NUMBER_OBJECT_CONVERSION = YES_AGGRESSIVE;
				CLANG_CXX_LANGUAGE_STANDARD = "gnu++20";
				CLANG_ENABLE_MODULES = YES;
				CLANG_ENABLE_OBJC_ARC = YES;
				CLANG_ENABLE_OBJC_WEAK = YES;
				CLANG_WARN_BLOCK_CAPTURE_AUTORELEASING = YES;
				CLANG_WARN_BOOL_CONVERSION = YES;
				CLANG_WARN_COMMA = YES;
				CLANG_WARN_CONSTANT_CONVERSION = YES;
				CLANG_WARN_DEPRECATED_OBJC_IMPLEMENTATIONS = YES;
				CLANG_WARN_DIRECT_OBJC_ISA_USAGE = YES_ERROR;
				CLANG_WARN_DOCUMENTATION_COMMENTS = YES;
				CLANG_WARN_EMPTY_BODY = YES;
				CLANG_WARN_ENUM_CONVERSION = YES;
				CLANG_WARN_INFINITE_RECURSION = YES;
				CLANG_WARN_INT_CONVERSION = YES;
				CLANG_WARN_NON_LITERAL_NULL_CONVERSION = YES;
				CLANG_WARN_OBJC_IMPLICIT_RETAIN_SELF = YES;
				CLANG_WARN_OBJC_LITERAL_CONVERSION = YES;
				CLANG_WARN_OBJC_ROOT_CLASS = YES_ERROR;
				CLANG_WARN_QUOTED_INCLUDE_IN_FRAMEWORK_HEADER = YES;
				CLANG_WARN_RANGE_LOOP_ANALYSIS = YES;
				CLANG_WARN_STRICT_PROTOTYPES = YES;
				CLANG_WARN_SUSPICIOUS_MOVE = YES;
				CLANG_WARN_UNGUARDED_AVAILABILITY = YES_AGGRESSIVE;
				CLANG_WARN_UNREACHABLE_CODE = YES;
				CLANG_WARN__DUPLICATE_METHOD_MATCH = YES;
				COPY_PHASE_STRIP = NO;
				DEBUG_INFORMATION_FORMAT = "dwarf-with-dsym";
				ENABLE_NS_ASSERTIONS = NO;
				ENABLE_STRICT_OBJC_MSGSEND = YES;
				GCC_C_LANGUAGE_STANDARD = gnu11;
				GCC_NO_COMMON_BLOCKS = YES;
				GCC_WARN_64_TO_32_BIT_CONVERSION = YES;
				GCC_WARN_ABOUT_RETURN_TYPE = YES_ERROR;
				GCC_WARN_UNDECLARED_SELECTOR = YES;
				GCC_WARN_UNINITIALIZED_AUTOS = YES_AGGRESSIVE;
				GCC_WARN_UNUSED_FUNCTION = YES;
				GCC_WARN_UNUSED_VARIABLE = YES;
				IPHONEOS_DEPLOYMENT_TARGET = 16.2;
				MTL_ENABLE_DEBUG_INFO = NO;
				MTL_FAST_MATH = YES;
				SDKROOT = iphoneos;
				SWIFT_COMPILATION_MODE = wholemodule;
				SWIFT_OPTIMIZATION_LEVEL = "-O";
				VALIDATE_PRODUCT = YES;
			};
			name = Release;
		};
		E4CE9D512A51C2B700CBF922 /* Debug */ = {
			isa = XCBuildConfiguration;
			buildSettings = {
				ASSETCATALOG_COMPILER_APPICON_NAME = AppIcon;
				ASSETCATALOG_COMPILER_GLOBAL_ACCENT_COLOR_NAME = AccentColor;
				CODE_SIGN_STYLE = Automatic;
				CURRENT_PROJECT_VERSION = 1;
				DEVELOPMENT_ASSET_PATHS = "\"Swiftui Animation Example 2/Preview Content\"";
				DEVELOPMENT_TEAM = LW697C6GXC;
				ENABLE_PREVIEWS = YES;
				GENERATE_INFOPLIST_FILE = YES;
				INFOPLIST_KEY_UIApplicationSceneManifest_Generation = YES;
				INFOPLIST_KEY_UIApplicationSupportsIndirectInputEvents = YES;
				INFOPLIST_KEY_UILaunchScreen_Generation = YES;
				INFOPLIST_KEY_UISupportedInterfaceOrientations_iPad = "UIInterfaceOrientationPortrait UIInterfaceOrientationPortraitUpsideDown UIInterfaceOrientationLandscapeLeft UIInterfaceOrientationLandscapeRight";
				INFOPLIST_KEY_UISupportedInterfaceOrientations_iPhone = "UIInterfaceOrientationPortrait UIInterfaceOrientationLandscapeLeft UIInterfaceOrientationLandscapeRight";
				LD_RUNPATH_SEARCH_PATHS = (
					"$(inherited)",
					"@executable_path/Frameworks",
				);
				MARKETING_VERSION = 1.0;
				PRODUCT_BUNDLE_IDENTIFIER = "com.junaed.Swiftui-Animation-Example-2";
				PRODUCT_NAME = "$(TARGET_NAME)";
				SWIFT_EMIT_LOC_STRINGS = YES;
				SWIFT_VERSION = 5.0;
				TARGETED_DEVICE_FAMILY = "1,2";
			};
			name = Debug;
		};
		E4CE9D522A51C2B700CBF922 /* Release */ = {
			isa = XCBuildConfiguration;
			buildSettings = {
				ASSETCATALOG_COMPILER_APPICON_NAME = AppIcon;
				ASSETCATALOG_COMPILER_GLOBAL_ACCENT_COLOR_NAME = AccentColor;
				CODE_SIGN_STYLE = Automatic;
				CURRENT_PROJECT_VERSION = 1;
				DEVELOPMENT_ASSET_PATHS = "\"Swiftui Animation Example 2/Preview Content\"";
				DEVELOPMENT_TEAM = LW697C6GXC;
				ENABLE_PREVIEWS = YES;
				GENERATE_INFOPLIST_FILE = YES;
				INFOPLIST_KEY_UIApplicationSceneManifest_Generation = YES;
				INFOPLIST_KEY_UIApplicationSupportsIndirectInputEvents = YES;
				INFOPLIST_KEY_UILaunchScreen_Generation = YES;
				INFOPLIST_KEY_UISupportedInterfaceOrientations_iPad = "UIInterfaceOrientationPortrait UIInterfaceOrientationPortraitUpsideDown UIInterfaceOrientationLandscapeLeft UIInterfaceOrientationLandscapeRight";
				INFOPLIST_KEY_UISupportedInterfaceOrientations_iPhone = "UIInterfaceOrientationPortrait UIInterfaceOrientationLandscapeLeft UIInterfaceOrientationLandscapeRight";
				LD_RUNPATH_SEARCH_PATHS = (
					"$(inherited)",
					"@executable_path/Frameworks",
				);
				MARKETING_VERSION = 1.0;
				PRODUCT_BUNDLE_IDENTIFIER = "com.junaed.Swiftui-Animation-Example-2";
				PRODUCT_NAME = "$(TARGET_NAME)";
				SWIFT_EMIT_LOC_STRINGS = YES;
				SWIFT_VERSION = 5.0;
				TARGETED_DEVICE_FAMILY = "1,2";
			};
			name = Release;
		};
/* End XCBuildConfiguration section */

/* Begin XCConfigurationList section */
		E4CE9D3D2A51C2B500CBF922 /* Build configuration list for PBXProject "Swiftui Animation Example 2" */ = {
			isa = XCConfigurationList;
			buildConfigurations = (
				E4CE9D4E2A51C2B700CBF922 /* Debug */,
				E4CE9D4F2A51C2B700CBF922 /* Release */,
			);
			defaultConfigurationIsVisible = 0;
			defaultConfigurationName = Release;
		};
		E4CE9D502A51C2B700CBF922 /* Build configuration list for PBXNativeTarget "Swiftui Animation Example 2" */ = {
			isa = XCConfigurationList;
			buildConfigurations = (
				E4CE9D512A51C2B700CBF922 /* Debug */,
				E4CE9D522A51C2B700CBF922 /* Release */,
			);
			defaultConfigurationIsVisible = 0;
			defaultConfigurationName = Release;
		};
/* End XCConfigurationList section */
	};
	rootObject = E4CE9D3A2A51C2B500CBF922 /* Project object */;
}
